
Microsoft Visual Studio Solution File, Format Version 12.00
# Visual Studio Version 16
VisualStudioVersion = 16.0.30320.27
MinimumVisualStudioVersion = 10.0.40219.1
Project("{9A19103F-16F7-4668-BE54-9A1E7A4F7556}") = "AnonymousClasses", "AnonymousClasses\AnonymousClasses.csproj", "{133FD7A8-D0E0-43BD-BB7C-E5A7977697F0}"
EndProject
Project("{FAE04EC0-301F-11D3-BF4B-00C04F79EFBC}") = "ConsoleDemo", "ConsoleDemo\ConsoleDemo.csproj", "{15725247-9280-4CFD-B6B9-37565CDD2180}"
EndProject
Global
	GlobalSection(SolutionConfigurationPlatforms) = preSolution
		Debug|Any CPU = Debug|Any CPU
		Release|Any CPU = Release|Any CPU
	EndGlobalSection
	GlobalSection(ProjectConfigurationPlatforms) = postSolution
		{133FD7A8-D0E0-43BD-BB7C-E5A7977697F0}.Debug|Any CPU.ActiveCfg = Debug|Any CPU
		{133FD7A8-D0E0-43BD-BB7C-E5A7977697F0}.Debug|Any CPU.Build.0 = Debug|Any CPU
		{133FD7A8-D0E0-43BD-BB7C-E5A7977697F0}.Release|Any CPU.ActiveCfg = Release|Any CPU
		{133FD7A8-D0E0-43BD-BB7C-E5A7977697F0}.Release|Any CPU.Build.0 = Release|Any CPU
		{15725247-9280-4CFD-B6B9-37565CDD2180}.Debug|Any CPU.ActiveCfg = Debug|Any CPU
		{15725247-9280-4CFD-B6B9-37565CDD2180}.Debug|Any CPU.Build.0 = Debug|Any CPU
		{15725247-9280-4CFD-B6B9-37565CDD2180}.Release|Any CPU.ActiveCfg = Release|Any CPU
		{15725247-9280-4CFD-B6B9-37565CDD2180}.Release|Any CPU.Build.0 = Release|Any CPU
	EndGlobalSection
	GlobalSection(SolutionProperties) = preSolution
		HideSolutionNode = FALSE
	EndGlobalSection
	GlobalSection(ExtensibilityGlobals) = postSolution
		SolutionGuid = {6D4F7A38-B10F-4C49-8313-AF2842932B57}
	EndGlobalSection
EndGlobal
